
Microsoft Visual Studio Solution File, Format Version 12.00
# Visual Studio Version 17
VisualStudioVersion = 17.2.32526.322
MinimumVisualStudioVersion = 10.0.40219.1
Project("{9A19103F-16F7-4668-BE54-9A1E7A4F7556}") = "RihalApp", "RihalApp\RihalApp.csproj", "{91E2F0EC-72A3-490B-B5F4-D8C160928662}"
EndProject
Project("{9A19103F-16F7-4668-BE54-9A1E7A4F7556}") = "RihalApp.DataAccess", "RihalApp.DataAccess\RihalApp.DataAccess.csproj", "{55CF155C-A779-4A3C-BE6D-3481320747B5}"
EndProject
Project("{9A19103F-16F7-4668-BE54-9A1E7A4F7556}") = "RihalApp.Domain", "RihalApp.Domain\RihalApp.Domain.csproj", "{8E54DE2E-3824-4DA2-A7F6-5C4673A8FDB0}"
EndProject
Global
	GlobalSection(SolutionConfigurationPlatforms) = preSolution
		Debug|Any CPU = Debug|Any CPU
		Release|Any CPU = Release|Any CPU
	EndGlobalSection
	GlobalSection(ProjectConfigurationPlatforms) = postSolution
		{91E2F0EC-72A3-490B-B5F4-D8C160928662}.Debug|Any CPU.ActiveCfg = Debug|Any CPU
		{91E2F0EC-72A3-490B-B5F4-D8C160928662}.Debug|Any CPU.Build.0 = Debug|Any CPU
		{91E2F0EC-72A3-490B-B5F4-D8C160928662}.Release|Any CPU.ActiveCfg = Release|Any CPU
		{91E2F0EC-72A3-490B-B5F4-D8C160928662}.Release|Any CPU.Build.0 = Release|Any CPU
		{55CF155C-A779-4A3C-BE6D-3481320747B5}.Debug|Any CPU.ActiveCfg = Debug|Any CPU
		{55CF155C-A779-4A3C-BE6D-3481320747B5}.Debug|Any CPU.Build.0 = Debug|Any CPU
		{55CF155C-A779-4A3C-BE6D-3481320747B5}.Release|Any CPU.ActiveCfg = Release|Any CPU
		{55CF155C-A779-4A3C-BE6D-3481320747B5}.Release|Any CPU.Build.0 = Release|Any CPU
		{8E54DE2E-3824-4DA2-A7F6-5C4673A8FDB0}.Debug|Any CPU.ActiveCfg = Debug|Any CPU
		{8E54DE2E-3824-4DA2-A7F6-5C4673A8FDB0}.Debug|Any CPU.Build.0 = Debug|Any CPU
		{8E54DE2E-3824-4DA2-A7F6-5C4673A8FDB0}.Release|Any CPU.ActiveCfg = Release|Any CPU
		{8E54DE2E-3824-4DA2-A7F6-5C4673A8FDB0}.Release|Any CPU.Build.0 = Release|Any CPU
	EndGlobalSection
	GlobalSection(SolutionProperties) = preSolution
		HideSolutionNode = FALSE
	EndGlobalSection
	GlobalSection(ExtensibilityGlobals) = postSolution
		SolutionGuid = {A80E0CD0-3AF7-447D-8AAE-057ECD0EFA83}
	EndGlobalSection
EndGlobal
